
Microsoft Visual Studio Solution File, Format Version 12.00
# Visual Studio Version 16
VisualStudioVersion = 16.0.30523.141
MinimumVisualStudioVersion = 10.0.40219.1
Project("{FAE04EC0-301F-11D3-BF4B-00C04F79EFBC}") = "TwonCinema", "TwonCinema\TwonCinema.csproj", "{0C6FA6AA-11D3-4754-8B3F-3EA38F8F3FC0}"
EndProject
Global
	GlobalSection(SolutionConfigurationPlatforms) = preSolution
		Debug|Any CPU = Debug|Any CPU
		Release|Any CPU = Release|Any CPU
	EndGlobalSection
	GlobalSection(ProjectConfigurationPlatforms) = postSolution
		{0C6FA6AA-11D3-4754-8B3F-3EA38F8F3FC0}.Debug|Any CPU.ActiveCfg = Debug|Any CPU
		{0C6FA6AA-11D3-4754-8B3F-3EA38F8F3FC0}.Debug|Any CPU.Build.0 = Debug|Any CPU
		{0C6FA6AA-11D3-4754-8B3F-3EA38F8F3FC0}.Release|Any CPU.ActiveCfg = Release|Any CPU
		{0C6FA6AA-11D3-4754-8B3F-3EA38F8F3FC0}.Release|Any CPU.Build.0 = Release|Any CPU
	EndGlobalSection
	GlobalSection(SolutionProperties) = preSolution
		HideSolutionNode = FALSE
	EndGlobalSection
	GlobalSection(ExtensibilityGlobals) = postSolution
		SolutionGuid = {E4548F00-C212-4F2A-910B-C7E8E5E40C62}
	EndGlobalSection
EndGlobal
